{
  "name": "actions",
  "lockfileVersion": 2,
  "requires": true,
  "packages": {
    "node_modules/@react-native-community/cameraroll": {
      "version": "4.0.1",
      "resolved": "https://registry.npmjs.org/@react-native-community/cameraroll/-/cameraroll-4.0.1.tgz",
      "integrity": "sha512-KLKh5rAg511KUoGKHrbRhBLvkHhOz6kZ2sx8dPhndZ5ZFVYfVpTadSN1x3cfQbOAlkyGZql07p1hk7lEb3sa8g==",
      "peerDependencies": {
        "react": "^16.0",
        "react-native": ">=0.57 <=0.62"
      }
    },
    "node_modules/@react-native-community/netinfo": {
      "version": "5.9.7",
      "resolved": "https://registry.npmjs.org/@react-native-community/netinfo/-/netinfo-5.9.7.tgz",
      "integrity": "sha512-NAkkT68oF+M9o6El2xeUqZK7magPjG/tAcEbvCbqyhlh3yElKWnI1e1vpbVvFXzTefy67FwYFWOJqBN6U7Mnkg==",
      "peerDependencies": {
        "react-native": ">=0.59"
      }
    },
    "node_modules/@react-native-community/push-notification-ios": {
      "version": "1.8.0",
      "resolved": "https://registry.npmjs.org/@react-native-community/push-notification-ios/-/push-notification-ios-1.8.0.tgz",
      "integrity": "sha512-vxvkeampafjmtDoQBN8Q4azP21l6cMX93+OQZemyIWZmG++OjCVDQVitobf/kWLm5zyGwdylejbpMGo75qo7rA==",
      "dependencies": {
        "invariant": "^2.2.4"
      },
      "peerDependencies": {
        "react": ">=16.6.3",
        "react-native": ">=0.58.4"
      }
    },
    "node_modules/@react-native-firebase/app": {
      "version": "10.1.0",
      "resolved": "https://registry.npmjs.org/@react-native-firebase/app/-/app-10.1.0.tgz",
      "integrity": "sha512-O8IxJU0K3mmmxaz2EZW+BuC08agr3m2eybxBq+SkcJri1fv95qVsNabABWPS7h4uSHQ5m1qHCtQJnvbnHwMrvA==",
      "dependencies": {
        "opencollective-postinstall": "^2.0.1",
        "superstruct": "^0.6.2"
      },
      "peerDependencies": {
        "react": "*",
        "react-native": "*"
      }
    },
    "node_modules/@react-native-firebase/messaging": {
      "version": "10.5.1",
      "resolved": "https://registry.npmjs.org/@react-native-firebase/messaging/-/messaging-10.5.1.tgz",
      "integrity": "sha512-cpx87M3vaR34vUYEFdpsFQk0/A29225tD5lqqvKW+l/u8FHD9KHyjm+XoEenV2eCayF8IxkmO9PQKsufgg4FHQ==",
      "peerDependencies": {
        "@react-native-firebase/app": "10.5.0"
      }
    },
    "node_modules/clone-deep": {
      "version": "2.0.2",
      "resolved": "https://registry.npmjs.org/clone-deep/-/clone-deep-2.0.2.tgz",
      "integrity": "sha512-SZegPTKjCgpQH63E+eN6mVEEPdQBOUzjyJm5Pora4lrwWRFS8I0QAxV/KD6vV/i0WuijHZWQC1fMsPEdxfdVCQ==",
      "dependencies": {
        "for-own": "^1.0.0",
        "is-plain-object": "^2.0.4",
        "kind-of": "^6.0.0",
        "shallow-clone": "^1.0.0"
      },
      "engines": {
        "node": ">=0.10.0"
      }
    },
    "node_modules/for-in": {
      "version": "1.0.2",
      "resolved": "https://registry.npmjs.org/for-in/-/for-in-1.0.2.tgz",
      "integrity": "sha512-7EwmXrOjyL+ChxMhmG5lnW9MPt1aIeZEwKhQzoBUdTV0N3zuwWDZYVJatDvZ2OyzPUvdIAZDsCetk3coyMfcnQ==",
      "engines": {
        "node": ">=0.10.0"
      }
    },
    "node_modules/for-own": {
      "version": "1.0.0",
      "resolved": "https://registry.npmjs.org/for-own/-/for-own-1.0.0.tgz",
      "integrity": "sha512-0OABksIGrxKK8K4kynWkQ7y1zounQxP+CWnyclVwj81KW3vlLlGUx57DKGcP/LH216GzqnstnPocF16Nxs0Ycg==",
      "dependencies": {
        "for-in": "^1.0.1"
      },
      "engines": {
        "node": ">=0.10.0"
      }
    },
    "node_modules/invariant": {
      "version": "2.2.4",
      "resolved": "https://registry.npmjs.org/invariant/-/invariant-2.2.4.tgz",
      "integrity": "sha512-phJfQVBuaJM5raOpJjSfkiD6BpbCE4Ns//LaXl6wGYtUBY83nWS6Rf9tXm2e8VaK60JEjYldbPif/A2B1C2gNA==",
      "dependencies": {
        "loose-envify": "^1.0.0"
      }
    },
    "node_modules/is-extendable": {
      "version": "0.1.1",
      "resolved": "https://registry.npmjs.org/is-extendable/-/is-extendable-0.1.1.tgz",
      "integrity": "sha512-5BMULNob1vgFX6EjQw5izWDxrecWK9AM72rugNr0TFldMOi0fj6Jk+zeKIt0xGj4cEfQIJth4w3OKWOJ4f+AFw==",
      "engines": {
        "node": ">=0.10.0"
      }
    },
    "node_modules/is-plain-object": {
      "version": "2.0.4",
      "resolved": "https://registry.npmjs.org/is-plain-object/-/is-plain-object-2.0.4.tgz",
      "integrity": "sha512-h5PpgXkWitc38BBMYawTYMWJHFZJVnBquFE57xFpjB8pJFiF6gZ+bU+WyI/yqXiFR5mdLsgYNaPe8uao6Uv9Og==",
      "dependencies": {
        "isobject": "^3.0.1"
      },
      "engines": {
        "node": ">=0.10.0"
      }
    },
    "node_modules/isobject": {
      "version": "3.0.1",
      "resolved": "https://registry.npmjs.org/isobject/-/isobject-3.0.1.tgz",
      "integrity": "sha512-WhB9zCku7EGTj/HQQRz5aUQEUeoQZH2bWcltRErOpymJ4boYE6wL9Tbr23krRPSZ+C5zqNSrSw+Cc7sZZ4b7vg==",
      "engines": {
        "node": ">=0.10.0"
      }
    },
    "node_modules/js-tokens": {
      "version": "4.0.0",
      "resolved": "https://registry.npmjs.org/js-tokens/-/js-tokens-4.0.0.tgz",
      "integrity": "sha512-RdJUflcE3cUzKiMqQgsCu06FPu9UdIJO0beYbPhHN4k6apgJtifcoCtT9bcxOpYBtpD2kCM6Sbzg4CausW/PKQ=="
    },
    "node_modules/kind-of": {
      "version": "6.0.3",
      "resolved": "https://registry.npmjs.org/kind-of/-/kind-of-6.0.3.tgz",
      "integrity": "sha512-dcS1ul+9tmeD95T+x28/ehLgd9mENa3LsvDTtzm3vyBEO7RPptvAD+t44WVXaUjTBRcrpFeFlC8WCruUR456hw==",
      "engines": {
        "node": ">=0.10.0"
      }
    },
    "node_modules/loose-envify": {
      "version": "1.4.0",
      "resolved": "https://registry.npmjs.org/loose-envify/-/loose-envify-1.4.0.tgz",
      "integrity": "sha512-lyuxPGr/Wfhrlem2CL/UcnUc1zcqKAImBDzukY7Y5F/yQiNdko6+fRLevlw1HgMySw7f611UIY408EtxRSoK3Q==",
      "dependencies": {
        "js-tokens": "^3.0.0 || ^4.0.0"
      },
      "bin": {
        "loose-envify": "cli.js"
      }
    },
    "node_modules/mixin-object": {
      "version": "2.0.1",
      "resolved": "https://registry.npmjs.org/mixin-object/-/mixin-object-2.0.1.tgz",
      "integrity": "sha512-ALGF1Jt9ouehcaXaHhn6t1yGWRqGaHkPFndtFVHfZXOvkIZ/yoGaSi0AHVTafb3ZBGg4dr/bDwnaEKqCXzchMA==",
      "dependencies": {
        "for-in": "^0.1.3",
        "is-extendable": "^0.1.1"
      },
      "engines": {
        "node": ">=0.10.0"
      }
    },
    "node_modules/mixin-object/node_modules/for-in": {
      "version": "0.1.8",
      "resolved": "https://registry.npmjs.org/for-in/-/for-in-0.1.8.tgz",
      "integrity": "sha512-F0to7vbBSHP8E3l6dCjxNOLuSFAACIxFy3UehTUlG7svlXi37HHsDkyVcHo0Pq8QwrE+pXvWSVX3ZT1T9wAZ9g==",
      "engines": {
        "node": ">=0.10.0"
      }
    },
    "node_modules/opencollective-postinstall": {
      "version": "2.0.3",
      "resolved": "https://registry.npmjs.org/opencollective-postinstall/-/opencollective-postinstall-2.0.3.tgz",
      "integrity": "sha512-8AV/sCtuzUeTo8gQK5qDZzARrulB3egtLzFgteqB2tcT4Mw7B8Kt7JcDHmltjz6FOAHsvTevk70gZEbhM4ZS9Q==",
      "bin": {
        "opencollective-postinstall": "index.js"
      }
    },
    "node_modules/querystringify": {
      "version": "2.2.0",
      "resolved": "https://registry.npmjs.org/querystringify/-/querystringify-2.2.0.tgz",
      "integrity": "sha512-FIqgj2EUvTa7R50u0rGsyTftzjYmv/a3hO345bZNrqabNqjtgiDMgmo4mkUjd+nzU5oF3dClKqFIPUKybUyqoQ=="
    },
    "node_modules/react-native-image-picker": {
      "version": "4.0.3",
      "resolved": "https://registry.npmjs.org/react-native-image-picker/-/react-native-image-picker-4.0.3.tgz",
      "integrity": "sha512-S4a1jE4fAPDzmah/7OVTEAXGz1/wlGyClU+spygmek5rVLERR5BgwnkX3tLP/UvMQbfdPZNUbnH0hEe7su2AZg==",
      "peerDependencies": {
        "react": "*",
        "react-native": "*"
      }
    },
    "node_modules/react-native-inappbrowser-reborn": {
      "version": "3.4.0",
      "resolved": "https://registry.npmjs.org/react-native-inappbrowser-reborn/-/react-native-inappbrowser-reborn-3.4.0.tgz",
      "integrity": "sha512-buHTc8xvjtO1pDKrGxgXetyV1D3XdmXJ+b8x1AW+PrKeLg8lzBdlVmSUtpIQBg98WPwK3FA08l/CvShocmvOyg==",
      "hasInstallScript": true,
      "dependencies": {
        "invariant": "^2.2.4",
        "opencollective-postinstall": "^2.0.2"
      },
      "peerDependencies": {
        "react-native": ">=0.56"
      }
    },
    "node_modules/react-native-localize": {
      "version": "1.3.4",
      "resolved": "https://registry.npmjs.org/react-native-localize/-/react-native-localize-1.3.4.tgz",
      "integrity": "sha512-ZVdapfTIcizCQ6nfbkTzjN/+D1eFb3aRtmOSC6d4LtjYRovUnv0QmNSg35CI/Q8Jy3nx4bHg6M9QyQ75MHzf7Q==",
      "peerDependencies": {
        "react-native": ">=0.56.0"
      }
    },
    "node_modules/react-native-permissions": {
      "version": "3.3.1",
      "resolved": "https://registry.npmjs.org/react-native-permissions/-/react-native-permissions-3.3.1.tgz",
      "integrity": "sha512-Ap9nVWBWJ7lyU6Ye3Qltm2V+Ut6XjDcs+6ZBmK1UUxcCoSSGx/mQg2GbMJLjlnoVtUgVHR3IhyZ0mN9DlMPRFQ==",
      "peerDependencies": {
        "react": ">=16.13.1",
        "react-native": ">=0.63.3",
        "react-native-windows": ">=0.62.0"
      },
      "peerDependenciesMeta": {
        "react-native-windows": {
          "optional": true
        }
      }
    },
    "node_modules/react-native-push-notification": {
      "version": "6.1.2",
      "resolved": "https://registry.npmjs.org/react-native-push-notification/-/react-native-push-notification-6.1.2.tgz",
      "integrity": "sha512-fhA9UR6j0JHUqnE5okCGnMKD5+HfmkWwEvxJznoYTqhXFTweO6P12RgZcqu/4/OCp7jXuSCwPZC+L6H6r8Ly2Q==",
      "peerDependencies": {
        "@react-native-community/push-notification-ios": "^1.5.0",
        "react-native": ">=0.33"
      }
    },
    "node_modules/react-native-sound": {
      "version": "0.11.0",
      "resolved": "https://registry.npmjs.org/react-native-sound/-/react-native-sound-0.11.0.tgz",
      "integrity": "sha512-4bGAZfni6E2L695NQjOZwNLBQGXgBGYC4Sy+h99K5h0HqNZjCqR0+aLel+ezASxEJDpaH83gylNObXpiqJgdwg==",
      "peerDependencies": {
        "react-native": ">=0.8.0"
      }
    },
    "node_modules/react-native-touch-id": {
      "version": "4.4.1",
      "resolved": "https://registry.npmjs.org/react-native-touch-id/-/react-native-touch-id-4.4.1.tgz",
      "integrity": "sha512-1jTl8fC+0fxvqegy/XXTyo6vMvPhjzkoDdaqoYZx0OH8AT250NuXnNPyKktvigIcys3+2acciqOeaCall7lrvg=="
    },
    "node_modules/requires-port": {
      "version": "1.0.0",
      "resolved": "https://registry.npmjs.org/requires-port/-/requires-port-1.0.0.tgz",
      "integrity": "sha512-KigOCHcocU3XODJxsu8i/j8T9tzT4adHiecwORRQ0ZZFcp7ahwXuRU1m+yuO90C5ZUyGeGfocHDI14M3L3yDAQ=="
    },
    "node_modules/shallow-clone": {
      "version": "1.0.0",
      "resolved": "https://registry.npmjs.org/shallow-clone/-/shallow-clone-1.0.0.tgz",
      "integrity": "sha512-oeXreoKR/SyNJtRJMAKPDSvd28OqEwG4eR/xc856cRGBII7gX9lvAqDxusPm0846z/w/hWYjI1NpKwJ00NHzRA==",
      "dependencies": {
        "is-extendable": "^0.1.1",
        "kind-of": "^5.0.0",
        "mixin-object": "^2.0.1"
      },
      "engines": {
        "node": ">=0.10.0"
      }
    },
    "node_modules/shallow-clone/node_modules/kind-of": {
      "version": "5.1.0",
      "resolved": "https://registry.npmjs.org/kind-of/-/kind-of-5.1.0.tgz",
      "integrity": "sha512-NGEErnH6F2vUuXDh+OlbcKW7/wOcfdRHaZ7VWtqCztfHri/++YKmP51OdWeGPuqCOba6kk2OTe5d02VmTB80Pw==",
      "engines": {
        "node": ">=0.10.0"
      }
    },
    "node_modules/superstruct": {
      "version": "0.6.2",
      "resolved": "https://registry.npmjs.org/superstruct/-/superstruct-0.6.2.tgz",
      "integrity": "sha512-lvA97MFAJng3rfjcafT/zGTSWm6Tbpk++DP6It4Qg7oNaeM+2tdJMuVgGje21/bIpBEs6iQql1PJH6dKTjl4Ig==",
      "dependencies": {
        "clone-deep": "^2.0.1",
        "kind-of": "^6.0.1"
      }
    },
    "node_modules/url-parse": {
      "version": "1.5.10",
      "resolved": "https://registry.npmjs.org/url-parse/-/url-parse-1.5.10.tgz",
      "integrity": "sha512-WypcfiRhfeUP9vvF0j6rw0J3hrWrw6iZv3+22h6iRMJ/8z1Tj6XfLP4DsUix5MhMPnXpiHDoKyoZ/bdCkwBCiQ==",
      "dependencies": {
        "querystringify": "^2.1.1",
        "requires-port": "^1.0.0"
      }
    }
  },
  "dependencies": {
    "@react-native-community/cameraroll": {
      "version": "https://registry.npmjs.org/@react-native-community/cameraroll/-/cameraroll-4.0.1.tgz",
      "integrity": "sha512-KLKh5rAg511KUoGKHrbRhBLvkHhOz6kZ2sx8dPhndZ5ZFVYfVpTadSN1x3cfQbOAlkyGZql07p1hk7lEb3sa8g==",
      "requires": {}
    },
    "@react-native-community/netinfo": {
      "version": "https://registry.npmjs.org/@react-native-community/netinfo/-/netinfo-5.9.7.tgz",
      "integrity": "sha512-NAkkT68oF+M9o6El2xeUqZK7magPjG/tAcEbvCbqyhlh3yElKWnI1e1vpbVvFXzTefy67FwYFWOJqBN6U7Mnkg==",
      "requires": {}
    },
    "@react-native-community/push-notification-ios": {
      "version": "1.8.0",
      "resolved": "https://registry.npmjs.org/@react-native-community/push-notification-ios/-/push-notification-ios-1.8.0.tgz",
      "integrity": "sha512-vxvkeampafjmtDoQBN8Q4azP21l6cMX93+OQZemyIWZmG++OjCVDQVitobf/kWLm5zyGwdylejbpMGo75qo7rA==",
      "requires": {
        "invariant": "^2.2.4"
      }
    },
    "@react-native-firebase/app": {
      "version": "https://registry.npmjs.org/@react-native-firebase/app/-/app-10.1.0.tgz",
      "integrity": "sha512-O8IxJU0K3mmmxaz2EZW+BuC08agr3m2eybxBq+SkcJri1fv95qVsNabABWPS7h4uSHQ5m1qHCtQJnvbnHwMrvA==",
      "requires": {
        "opencollective-postinstall": "^2.0.1",
        "superstruct": "^0.6.2"
      }
    },
    "@react-native-firebase/messaging": {
      "version": "https://registry.npmjs.org/@react-native-firebase/messaging/-/messaging-10.5.1.tgz",
      "integrity": "sha512-cpx87M3vaR34vUYEFdpsFQk0/A29225tD5lqqvKW+l/u8FHD9KHyjm+XoEenV2eCayF8IxkmO9PQKsufgg4FHQ==",
      "requires": {}
    },
    "clone-deep": {
      "version": "2.0.2",
      "resolved": "https://registry.npmjs.org/clone-deep/-/clone-deep-2.0.2.tgz",
      "integrity": "sha512-SZegPTKjCgpQH63E+eN6mVEEPdQBOUzjyJm5Pora4lrwWRFS8I0QAxV/KD6vV/i0WuijHZWQC1fMsPEdxfdVCQ==",
      "requires": {
        "for-own": "^1.0.0",
        "is-plain-object": "^2.0.4",
        "kind-of": "^6.0.0",
        "shallow-clone": "^1.0.0"
      }
    },
    "for-in": {
      "version": "1.0.2",
      "resolved": "https://registry.npmjs.org/for-in/-/for-in-1.0.2.tgz",
      "integrity": "sha512-7EwmXrOjyL+ChxMhmG5lnW9MPt1aIeZEwKhQzoBUdTV0N3zuwWDZYVJatDvZ2OyzPUvdIAZDsCetk3coyMfcnQ=="
    },
    "for-own": {
      "version": "1.0.0",
      "resolved": "https://registry.npmjs.org/for-own/-/for-own-1.0.0.tgz",
      "integrity": "sha512-0OABksIGrxKK8K4kynWkQ7y1zounQxP+CWnyclVwj81KW3vlLlGUx57DKGcP/LH216GzqnstnPocF16Nxs0Ycg==",
      "requires": {
        "for-in": "^1.0.1"
      }
    },
    "invariant": {
      "version": "2.2.4",
      "resolved": "https://registry.npmjs.org/invariant/-/invariant-2.2.4.tgz",
      "integrity": "sha512-phJfQVBuaJM5raOpJjSfkiD6BpbCE4Ns//LaXl6wGYtUBY83nWS6Rf9tXm2e8VaK60JEjYldbPif/A2B1C2gNA==",
      "requires": {
        "loose-envify": "^1.0.0"
      }
    },
    "is-extendable": {
      "version": "0.1.1",
      "resolved": "https://registry.npmjs.org/is-extendable/-/is-extendable-0.1.1.tgz",
      "integrity": "sha512-5BMULNob1vgFX6EjQw5izWDxrecWK9AM72rugNr0TFldMOi0fj6Jk+zeKIt0xGj4cEfQIJth4w3OKWOJ4f+AFw=="
    },
    "is-plain-object": {
      "version": "2.0.4",
      "resolved": "https://registry.npmjs.org/is-plain-object/-/is-plain-object-2.0.4.tgz",
      "integrity": "sha512-h5PpgXkWitc38BBMYawTYMWJHFZJVnBquFE57xFpjB8pJFiF6gZ+bU+WyI/yqXiFR5mdLsgYNaPe8uao6Uv9Og==",
      "requires": {
        "isobject": "^3.0.1"
      }
    },
    "isobject": {
      "version": "3.0.1",
      "resolved": "https://registry.npmjs.org/isobject/-/isobject-3.0.1.tgz",
      "integrity": "sha512-WhB9zCku7EGTj/HQQRz5aUQEUeoQZH2bWcltRErOpymJ4boYE6wL9Tbr23krRPSZ+C5zqNSrSw+Cc7sZZ4b7vg=="
    },
    "js-tokens": {
      "version": "4.0.0",
      "resolved": "https://registry.npmjs.org/js-tokens/-/js-tokens-4.0.0.tgz",
      "integrity": "sha512-RdJUflcE3cUzKiMqQgsCu06FPu9UdIJO0beYbPhHN4k6apgJtifcoCtT9bcxOpYBtpD2kCM6Sbzg4CausW/PKQ=="
    },
    "kind-of": {
      "version": "6.0.3",
      "resolved": "https://registry.npmjs.org/kind-of/-/kind-of-6.0.3.tgz",
      "integrity": "sha512-dcS1ul+9tmeD95T+x28/ehLgd9mENa3LsvDTtzm3vyBEO7RPptvAD+t44WVXaUjTBRcrpFeFlC8WCruUR456hw=="
    },
    "loose-envify": {
      "version": "1.4.0",
      "resolved": "https://registry.npmjs.org/loose-envify/-/loose-envify-1.4.0.tgz",
      "integrity": "sha512-lyuxPGr/Wfhrlem2CL/UcnUc1zcqKAImBDzukY7Y5F/yQiNdko6+fRLevlw1HgMySw7f611UIY408EtxRSoK3Q==",
      "requires": {
        "js-tokens": "^3.0.0 || ^4.0.0"
      }
    },
    "mixin-object": {
      "version": "2.0.1",
      "resolved": "https://registry.npmjs.org/mixin-object/-/mixin-object-2.0.1.tgz",
      "integrity": "sha512-ALGF1Jt9ouehcaXaHhn6t1yGWRqGaHkPFndtFVHfZXOvkIZ/yoGaSi0AHVTafb3ZBGg4dr/bDwnaEKqCXzchMA==",
      "requires": {
        "for-in": "^0.1.3",
        "is-extendable": "^0.1.1"
      },
      "dependencies": {
        "for-in": {
          "version": "0.1.8",
          "resolved": "https://registry.npmjs.org/for-in/-/for-in-0.1.8.tgz",
          "integrity": "sha512-F0to7vbBSHP8E3l6dCjxNOLuSFAACIxFy3UehTUlG7svlXi37HHsDkyVcHo0Pq8QwrE+pXvWSVX3ZT1T9wAZ9g=="
        }
      }
    },
    "opencollective-postinstall": {
      "version": "2.0.3",
      "resolved": "https://registry.npmjs.org/opencollective-postinstall/-/opencollective-postinstall-2.0.3.tgz",
      "integrity": "sha512-8AV/sCtuzUeTo8gQK5qDZzARrulB3egtLzFgteqB2tcT4Mw7B8Kt7JcDHmltjz6FOAHsvTevk70gZEbhM4ZS9Q=="
    },
    "querystringify": {
      "version": "2.2.0",
      "resolved": "https://registry.npmjs.org/querystringify/-/querystringify-2.2.0.tgz",
      "integrity": "sha512-FIqgj2EUvTa7R50u0rGsyTftzjYmv/a3hO345bZNrqabNqjtgiDMgmo4mkUjd+nzU5oF3dClKqFIPUKybUyqoQ=="
    },
    "react-native-image-picker": {
      "version": "https://registry.npmjs.org/react-native-image-picker/-/react-native-image-picker-4.0.3.tgz",
      "integrity": "sha512-S4a1jE4fAPDzmah/7OVTEAXGz1/wlGyClU+spygmek5rVLERR5BgwnkX3tLP/UvMQbfdPZNUbnH0hEe7su2AZg==",
      "requires": {}
    },
    "react-native-inappbrowser-reborn": {
      "version": "https://registry.npmjs.org/react-native-inappbrowser-reborn/-/react-native-inappbrowser-reborn-3.4.0.tgz",
      "integrity": "sha512-buHTc8xvjtO1pDKrGxgXetyV1D3XdmXJ+b8x1AW+PrKeLg8lzBdlVmSUtpIQBg98WPwK3FA08l/CvShocmvOyg==",
      "requires": {
        "invariant": "^2.2.4",
        "opencollective-postinstall": "^2.0.2"
      }
    },
    "react-native-localize": {
      "version": "https://registry.npmjs.org/react-native-localize/-/react-native-localize-1.3.4.tgz",
      "integrity": "sha512-ZVdapfTIcizCQ6nfbkTzjN/+D1eFb3aRtmOSC6d4LtjYRovUnv0QmNSg35CI/Q8Jy3nx4bHg6M9QyQ75MHzf7Q==",
      "requires": {}
    },
    "react-native-permissions": {
      "version": "https://registry.npmjs.org/react-native-permissions/-/react-native-permissions-3.3.1.tgz",
      "integrity": "sha512-Ap9nVWBWJ7lyU6Ye3Qltm2V+Ut6XjDcs+6ZBmK1UUxcCoSSGx/mQg2GbMJLjlnoVtUgVHR3IhyZ0mN9DlMPRFQ==",
      "requires": {}
    },
    "react-native-push-notification": {
      "version": "https://registry.npmjs.org/react-native-push-notification/-/react-native-push-notification-6.1.2.tgz",
      "integrity": "sha512-fhA9UR6j0JHUqnE5okCGnMKD5+HfmkWwEvxJznoYTqhXFTweO6P12RgZcqu/4/OCp7jXuSCwPZC+L6H6r8Ly2Q==",
      "requires": {}
    },
    "react-native-sound": {
      "version": "https://registry.npmjs.org/react-native-sound/-/react-native-sound-0.11.0.tgz",
      "integrity": "sha512-4bGAZfni6E2L695NQjOZwNLBQGXgBGYC4Sy+h99K5h0HqNZjCqR0+aLel+ezASxEJDpaH83gylNObXpiqJgdwg==",
      "requires": {}
    },
    "react-native-touch-id": {
      "version": "https://registry.npmjs.org/react-native-touch-id/-/react-native-touch-id-4.4.1.tgz",
      "integrity": "sha512-1jTl8fC+0fxvqegy/XXTyo6vMvPhjzkoDdaqoYZx0OH8AT250NuXnNPyKktvigIcys3+2acciqOeaCall7lrvg=="
    },
    "requires-port": {
      "version": "1.0.0",
      "resolved": "https://registry.npmjs.org/requires-port/-/requires-port-1.0.0.tgz",
      "integrity": "sha512-KigOCHcocU3XODJxsu8i/j8T9tzT4adHiecwORRQ0ZZFcp7ahwXuRU1m+yuO90C5ZUyGeGfocHDI14M3L3yDAQ=="
    },
    "shallow-clone": {
      "version": "1.0.0",
      "resolved": "https://registry.npmjs.org/shallow-clone/-/shallow-clone-1.0.0.tgz",
      "integrity": "sha512-oeXreoKR/SyNJtRJMAKPDSvd28OqEwG4eR/xc856cRGBII7gX9lvAqDxusPm0846z/w/hWYjI1NpKwJ00NHzRA==",
      "requires": {
        "is-extendable": "^0.1.1",
        "kind-of": "^5.0.0",
        "mixin-object": "^2.0.1"
      },
      "dependencies": {
        "kind-of": {
          "version": "5.1.0",
          "resolved": "https://registry.npmjs.org/kind-of/-/kind-of-5.1.0.tgz",
          "integrity": "sha512-NGEErnH6F2vUuXDh+OlbcKW7/wOcfdRHaZ7VWtqCztfHri/++YKmP51OdWeGPuqCOba6kk2OTe5d02VmTB80Pw=="
        }
      }
    },
    "superstruct": {
      "version": "0.6.2",
      "resolved": "https://registry.npmjs.org/superstruct/-/superstruct-0.6.2.tgz",
      "integrity": "sha512-lvA97MFAJng3rfjcafT/zGTSWm6Tbpk++DP6It4Qg7oNaeM+2tdJMuVgGje21/bIpBEs6iQql1PJH6dKTjl4Ig==",
      "requires": {
        "clone-deep": "^2.0.1",
        "kind-of": "^6.0.1"
      }
    },
    "url-parse": {
      "version": "https://registry.npmjs.org/url-parse/-/url-parse-1.5.10.tgz",
      "integrity": "sha512-WypcfiRhfeUP9vvF0j6rw0J3hrWrw6iZv3+22h6iRMJ/8z1Tj6XfLP4DsUix5MhMPnXpiHDoKyoZ/bdCkwBCiQ==",
      "requires": {
        "querystringify": "^2.1.1",
        "requires-port": "^1.0.0"
      }
    }
  }
}
